
Microsoft Visual Studio Solution File, Format Version 12.00
# Visual Studio 15
VisualStudioVersion = 15.0.25807.0
MinimumVisualStudioVersion = 10.0.40219.1
Project("{2150E333-8FDC-42A3-9474-1A3956D46DE8}") = "Engine", "Engine", "{3D780C64-1953-404A-B48E-AEA0D63E56F8}"
EndProject
Project("{2150E333-8FDC-42A3-9474-1A3956D46DE8}") = "Games", "Games", "{987BE247-9B32-4AEA-861B-9F0F0AF1482F}"
EndProject
Project("{8BC9CEB8-8B4A-11D0-8D11-00A0C91BC942}") = "UE4", "Intermediate\ProjectFiles\UE4.vcxproj", "{C20C93EE-85B4-494B-B8CD-F0233D7F4D31}"
EndProject
Project("{8BC9CEB8-8B4A-11D0-8D11-00A0C91BC942}") = "AnimateBall", "Intermediate\ProjectFiles\AnimateBall.vcxproj", "{A3014C06-1144-4D07-BCAD-27A08E823546}"
EndProject
Project("{2150E333-8FDC-42A3-9474-1A3956D46DE8}") = "Visualizers", "Visualizers", "{40D85BFF-FE91-4BD7-88C8-BD2D0D9C1BF3}"
	ProjectSection(SolutionItems) = preProject
		C:\Program Files\Epic Games\UE_4.23\Engine\Extras\VisualStudioDebugging\UE4.natvis = C:\Program Files\Epic Games\UE_4.23\Engine\Extras\VisualStudioDebugging\UE4.natvis
	EndProjectSection
EndProject
Global
	GlobalSection(SolutionConfigurationPlatforms) = preSolution
		DebugGame Editor|HTML5 = DebugGame Editor|HTML5
		DebugGame Editor|Win32 = DebugGame Editor|Win32
		DebugGame Editor|Win64 = DebugGame Editor|Win64
		DebugGame|HTML5 = DebugGame|HTML5
		DebugGame|Win32 = DebugGame|Win32
		DebugGame|Win64 = DebugGame|Win64
		Development Editor|HTML5 = Development Editor|HTML5
		Development Editor|Win32 = Development Editor|Win32
		Development Editor|Win64 = Development Editor|Win64
		Development|HTML5 = Development|HTML5
		Development|Win32 = Development|Win32
		Development|Win64 = Development|Win64
		Shipping|HTML5 = Shipping|HTML5
		Shipping|Win32 = Shipping|Win32
		Shipping|Win64 = Shipping|Win64
	EndGlobalSection
	GlobalSection(ProjectConfigurationPlatforms) = postSolution
		{C20C93EE-85B4-494B-B8CD-F0233D7F4D31}.DebugGame Editor|HTML5.ActiveCfg = BuiltWithUnrealBuildTool|Win32
		{C20C93EE-85B4-494B-B8CD-F0233D7F4D31}.DebugGame Editor|Win32.ActiveCfg = BuiltWithUnrealBuildTool|Win32
		{C20C93EE-85B4-494B-B8CD-F0233D7F4D31}.DebugGame Editor|Win64.ActiveCfg = BuiltWithUnrealBuildTool|Win32
		{C20C93EE-85B4-494B-B8CD-F0233D7F4D31}.DebugGame|HTML5.ActiveCfg = BuiltWithUnrealBuildTool|Win32
		{C20C93EE-85B4-494B-B8CD-F0233D7F4D31}.DebugGame|Win32.ActiveCfg = BuiltWithUnrealBuildTool|Win32
		{C20C93EE-85B4-494B-B8CD-F0233D7F4D31}.DebugGame|Win64.ActiveCfg = BuiltWithUnrealBuildTool|Win32
		{C20C93EE-85B4-494B-B8CD-F0233D7F4D31}.Development Editor|HTML5.ActiveCfg = BuiltWithUnrealBuildTool|Win32
		{C20C93EE-85B4-494B-B8CD-F0233D7F4D31}.Development Editor|Win32.ActiveCfg = BuiltWithUnrealBuildTool|Win32
		{C20C93EE-85B4-494B-B8CD-F0233D7F4D31}.Development Editor|Win64.ActiveCfg = BuiltWithUnrealBuildTool|Win32
		{C20C93EE-85B4-494B-B8CD-F0233D7F4D31}.Development|HTML5.ActiveCfg = BuiltWithUnrealBuildTool|Win32
		{C20C93EE-85B4-494B-B8CD-F0233D7F4D31}.Development|Win32.ActiveCfg = BuiltWithUnrealBuildTool|Win32
		{C20C93EE-85B4-494B-B8CD-F0233D7F4D31}.Development|Win64.ActiveCfg = BuiltWithUnrealBuildTool|Win32
		{C20C93EE-85B4-494B-B8CD-F0233D7F4D31}.Shipping|HTML5.ActiveCfg = BuiltWithUnrealBuildTool|Win32
		{C20C93EE-85B4-494B-B8CD-F0233D7F4D31}.Shipping|Win32.ActiveCfg = BuiltWithUnrealBuildTool|Win32
		{C20C93EE-85B4-494B-B8CD-F0233D7F4D31}.Shipping|Win64.ActiveCfg = BuiltWithUnrealBuildTool|Win32
		{A3014C06-1144-4D07-BCAD-27A08E823546}.DebugGame Editor|HTML5.ActiveCfg = Invalid|Win32
		{A3014C06-1144-4D07-BCAD-27A08E823546}.DebugGame Editor|Win32.ActiveCfg = Invalid|Win32
		{A3014C06-1144-4D07-BCAD-27A08E823546}.DebugGame Editor|Win64.ActiveCfg = DebugGame_Editor|x64
		{A3014C06-1144-4D07-BCAD-27A08E823546}.DebugGame Editor|Win64.Build.0 = DebugGame_Editor|x64
		{A3014C06-1144-4D07-BCAD-27A08E823546}.DebugGame|HTML5.ActiveCfg = HTML5_DebugGame|Win32
		{A3014C06-1144-4D07-BCAD-27A08E823546}.DebugGame|HTML5.Build.0 = HTML5_DebugGame|Win32
		{A3014C06-1144-4D07-BCAD-27A08E823546}.DebugGame|Win32.ActiveCfg = DebugGame|Win32
		{A3014C06-1144-4D07-BCAD-27A08E823546}.DebugGame|Win32.Build.0 = DebugGame|Win32
		{A3014C06-1144-4D07-BCAD-27A08E823546}.DebugGame|Win64.ActiveCfg = DebugGame|x64
		{A3014C06-1144-4D07-BCAD-27A08E823546}.DebugGame|Win64.Build.0 = DebugGame|x64
		{A3014C06-1144-4D07-BCAD-27A08E823546}.Development Editor|HTML5.ActiveCfg = Invalid|Win32
		{A3014C06-1144-4D07-BCAD-27A08E823546}.Development Editor|Win32.ActiveCfg = Invalid|Win32
		{A3014C06-1144-4D07-BCAD-27A08E823546}.Development Editor|Win64.ActiveCfg = Development_Editor|x64
		{A3014C06-1144-4D07-BCAD-27A08E823546}.Development Editor|Win64.Build.0 = Development_Editor|x64
		{A3014C06-1144-4D07-BCAD-27A08E823546}.Development|HTML5.ActiveCfg = HTML5_Development|Win32
		{A3014C06-1144-4D07-BCAD-27A08E823546}.Development|HTML5.Build.0 = HTML5_Development|Win32
		{A3014C06-1144-4D07-BCAD-27A08E823546}.Development|Win32.ActiveCfg = Development|Win32
		{A3014C06-1144-4D07-BCAD-27A08E823546}.Development|Win32.Build.0 = Development|Win32
		{A3014C06-1144-4D07-BCAD-27A08E823546}.Development|Win64.ActiveCfg = Development|x64
		{A3014C06-1144-4D07-BCAD-27A08E823546}.Development|Win64.Build.0 = Development|x64
		{A3014C06-1144-4D07-BCAD-27A08E823546}.Shipping|HTML5.ActiveCfg = HTML5_Shipping|Win32
		{A3014C06-1144-4D07-BCAD-27A08E823546}.Shipping|HTML5.Build.0 = HTML5_Shipping|Win32
		{A3014C06-1144-4D07-BCAD-27A08E823546}.Shipping|Win32.ActiveCfg = Shipping|Win32
		{A3014C06-1144-4D07-BCAD-27A08E823546}.Shipping|Win32.Build.0 = Shipping|Win32
		{A3014C06-1144-4D07-BCAD-27A08E823546}.Shipping|Win64.ActiveCfg = Shipping|x64
		{A3014C06-1144-4D07-BCAD-27A08E823546}.Shipping|Win64.Build.0 = Shipping|x64
	EndGlobalSection
	GlobalSection(SolutionProperties) = preSolution
		HideSolutionNode = FALSE
	EndGlobalSection
	GlobalSection(NestedProjects) = preSolution
		{C20C93EE-85B4-494B-B8CD-F0233D7F4D31} = {3D780C64-1953-404A-B48E-AEA0D63E56F8}
		{A3014C06-1144-4D07-BCAD-27A08E823546} = {987BE247-9B32-4AEA-861B-9F0F0AF1482F}
	EndGlobalSection
EndGlobal
